# THIS IS AN AUTOGENERATED FILE. DO NOT EDIT THIS FILE DIRECTLY.
# yarn lockfile v1


"@rails/ujs@^6.0.1":
  version "6.0.1"
  resolved "https://registry.yarnpkg.com/@rails/ujs/-/ujs-6.0.1.tgz#5eb013bd7f18a1cc7c314602d3b4d68302e20b60"
  integrity sha512-IwUGMGke2u5W/hkJLOSU5xcQT3Y0gjIdiEsG27kHyLvsPOzdABKeAD8l37j6romhzeCmM56Wv52OGqSueUmyig==
